
Microsoft Visual Studio Solution File, Format Version 12.00
# Visual Studio Version 16
VisualStudioVersion = 16.0.29201.188
MinimumVisualStudioVersion = 10.0.40219.1
Project("{2150E333-8FDC-42A3-9474-1A3956D46DE8}") = "src", "src", "{3ED4A02F-2DE1-47FB-9AA4-73A473782689}"
EndProject
Project("{2150E333-8FDC-42A3-9474-1A3956D46DE8}") = "test", "test", "{1166EC18-D740-43FB-AB5C-A364777894FE}"
EndProject
Project("{FAE04EC0-301F-11D3-BF4B-00C04F79EFBC}") = "melon.blog", "src\melon.blog\melon.blog.csproj", "{B1C2C62C-36A9-4285-8C21-4B588047D50C}"
EndProject
Global
	GlobalSection(SolutionConfigurationPlatforms) = preSolution
		Debug|Any CPU = Debug|Any CPU
		Release|Any CPU = Release|Any CPU
	EndGlobalSection
	GlobalSection(ProjectConfigurationPlatforms) = postSolution
		{B1C2C62C-36A9-4285-8C21-4B588047D50C}.Debug|Any CPU.ActiveCfg = Debug|Any CPU
		{B1C2C62C-36A9-4285-8C21-4B588047D50C}.Debug|Any CPU.Build.0 = Debug|Any CPU
		{B1C2C62C-36A9-4285-8C21-4B588047D50C}.Release|Any CPU.ActiveCfg = Release|Any CPU
		{B1C2C62C-36A9-4285-8C21-4B588047D50C}.Release|Any CPU.Build.0 = Release|Any CPU
	EndGlobalSection
	GlobalSection(SolutionProperties) = preSolution
		HideSolutionNode = FALSE
	EndGlobalSection
	GlobalSection(NestedProjects) = preSolution
		{B1C2C62C-36A9-4285-8C21-4B588047D50C} = {3ED4A02F-2DE1-47FB-9AA4-73A473782689}
	EndGlobalSection
	GlobalSection(ExtensibilityGlobals) = postSolution
		SolutionGuid = {B893B67D-157E-40D1-8AAF-7950B7FF8F24}
	EndGlobalSection
EndGlobal
