
Microsoft Visual Studio Solution File, Format Version 12.00
# Visual Studio Version 16
VisualStudioVersion = 16.0.29201.188
MinimumVisualStudioVersion = 10.0.40219.1
Project("{2150E333-8FDC-42A3-9474-1A3956D46DE8}") = "Core", "Core", "{31166AF5-4FC7-48D9-8318-1967CACC6695}"
EndProject
Project("{2150E333-8FDC-42A3-9474-1A3956D46DE8}") = "main", "main", "{A13DDDCE-2C98-4369-A2BB-911902F75A65}"
EndProject
Project("{2150E333-8FDC-42A3-9474-1A3956D46DE8}") = "test", "test", "{31F8F7A4-4A25-40BF-8768-5E1BF1529141}"
EndProject
Project("{9A19103F-16F7-4668-BE54-9A1E7A4F7556}") = "Com.Melon.Core", "com.melon.core\src\main\Com.Melon.Core\Com.Melon.Core.csproj", "{4CDE6E90-E8BB-470C-8414-355FEB981126}"
EndProject
Project("{9A19103F-16F7-4668-BE54-9A1E7A4F7556}") = "Com.Melon.Core.Unit.Test", "com.melon.core\src\test\Com.Melon.Core.Unit.Test\Com.Melon.Core.Unit.Test.csproj", "{709D012C-DCF0-4D0B-8546-931E6E64FF53}"
EndProject
Project("{2150E333-8FDC-42A3-9474-1A3956D46DE8}") = "IdentityAccess", "IdentityAccess", "{7EE4D72C-F3AF-4EEE-8FF7-686CCB09E439}"
EndProject
Project("{2150E333-8FDC-42A3-9474-1A3956D46DE8}") = "Blog", "Blog", "{CE1CF757-415E-4D0F-BE7E-BF132D530877}"
EndProject
Project("{2150E333-8FDC-42A3-9474-1A3956D46DE8}") = "main", "main", "{B757C873-987C-42FC-87B1-8CBFEACCD408}"
EndProject
Project("{2150E333-8FDC-42A3-9474-1A3956D46DE8}") = "test", "test", "{5F187087-DA3F-4E1D-8936-0FBA99495B22}"
EndProject
Project("{2150E333-8FDC-42A3-9474-1A3956D46DE8}") = "main", "main", "{65EC5F17-D767-4E58-A92F-3F0A8C30BF89}"
EndProject
Project("{2150E333-8FDC-42A3-9474-1A3956D46DE8}") = "test", "test", "{D13365C3-4292-4C3A-82A1-92ACFAD4EA32}"
EndProject
Project("{9A19103F-16F7-4668-BE54-9A1E7A4F7556}") = "Com.Melon.IdentityAccess", "com.melon.identityaccess\src\main\Com.Melon.IdentityAccess\Com.Melon.IdentityAccess.csproj", "{917175FC-6AC1-4026-AE2D-8321009E81C3}"
EndProject
Project("{9A19103F-16F7-4668-BE54-9A1E7A4F7556}") = "Com.Melon.IdentityAccess.Unit.Test", "com.melon.identityaccess\src\test\Com.Melon.IdentityAccess.Unit.Test\Com.Melon.IdentityAccess.Unit.Test.csproj", "{EC4D0C0C-44A0-4B9B-AC57-D48EC0E703CC}"
EndProject
Project("{9A19103F-16F7-4668-BE54-9A1E7A4F7556}") = "Com.Melon.Core.Integration.Test", "com.melon.core\src\test\Com.Melon.Core.Integration.Test\Com.Melon.Core.Integration.Test.csproj", "{71E0D9D4-0B6E-476D-89D5-5D4360E2BF5D}"
EndProject
Project("{9A19103F-16F7-4668-BE54-9A1E7A4F7556}") = "XunitExtensions", "com.melon.core\src\main\XunitExtensions\XunitExtensions.csproj", "{563CE315-AF09-4F11-8AC2-8F60B22EA47E}"
EndProject
Project("{2150E333-8FDC-42A3-9474-1A3956D46DE8}") = "Port", "Port", "{E5DA494A-07AF-417E-80ED-640AC4AF981B}"
EndProject
Project("{2150E333-8FDC-42A3-9474-1A3956D46DE8}") = "main", "main", "{4AD803EE-C1DC-485F-9340-4E9B5BCF45F1}"
EndProject
Project("{9A19103F-16F7-4668-BE54-9A1E7A4F7556}") = "Com.Melon.Wrap.Site", "com.melon.port\src\main\Com.Melon.Wrap.Site\Com.Melon.Wrap.Site.csproj", "{5A89DC44-A4A9-443B-9271-FCE7B2E82654}"
EndProject
Project("{9A19103F-16F7-4668-BE54-9A1E7A4F7556}") = "Com.Melon.Wrap.Site.Core", "com.melon.port\src\main\Com.Melon.Wrap.Site.Core\Com.Melon.Wrap.Site.Core.csproj", "{7C6BE088-AC35-4D0A-B0C3-4AEF072B50F0}"
EndProject
Project("{9A19103F-16F7-4668-BE54-9A1E7A4F7556}") = "Com.Melon.Blog", "com.melon.blog\src\Com.Melon.Blog\Com.Melon.Blog.csproj", "{E852D86A-8918-49B2-A2A4-7DC1BBBB4409}"
EndProject
Project("{2150E333-8FDC-42A3-9474-1A3956D46DE8}") = "test", "test", "{5B2EB863-4376-423D-B111-82D92E1D3C8E}"
EndProject
Project("{FAE04EC0-301F-11D3-BF4B-00C04F79EFBC}") = "Com.Melon.Wrap.Site.Unit.Test", "com.melon.port\src\test\Com.Melon.Wrap.Site.Unit.Test\Com.Melon.Wrap.Site.Unit.Test.csproj", "{207F00B3-7F6A-4718-A936-2C16BD3FE8C8}"
EndProject
Global
	GlobalSection(SolutionConfigurationPlatforms) = preSolution
		Debug|Any CPU = Debug|Any CPU
		Release|Any CPU = Release|Any CPU
	EndGlobalSection
	GlobalSection(ProjectConfigurationPlatforms) = postSolution
		{4CDE6E90-E8BB-470C-8414-355FEB981126}.Debug|Any CPU.ActiveCfg = Debug|Any CPU
		{4CDE6E90-E8BB-470C-8414-355FEB981126}.Debug|Any CPU.Build.0 = Debug|Any CPU
		{4CDE6E90-E8BB-470C-8414-355FEB981126}.Release|Any CPU.ActiveCfg = Release|Any CPU
		{4CDE6E90-E8BB-470C-8414-355FEB981126}.Release|Any CPU.Build.0 = Release|Any CPU
		{709D012C-DCF0-4D0B-8546-931E6E64FF53}.Debug|Any CPU.ActiveCfg = Debug|Any CPU
		{709D012C-DCF0-4D0B-8546-931E6E64FF53}.Debug|Any CPU.Build.0 = Debug|Any CPU
		{709D012C-DCF0-4D0B-8546-931E6E64FF53}.Release|Any CPU.ActiveCfg = Release|Any CPU
		{709D012C-DCF0-4D0B-8546-931E6E64FF53}.Release|Any CPU.Build.0 = Release|Any CPU
		{917175FC-6AC1-4026-AE2D-8321009E81C3}.Debug|Any CPU.ActiveCfg = Debug|Any CPU
		{917175FC-6AC1-4026-AE2D-8321009E81C3}.Debug|Any CPU.Build.0 = Debug|Any CPU
		{917175FC-6AC1-4026-AE2D-8321009E81C3}.Release|Any CPU.ActiveCfg = Release|Any CPU
		{917175FC-6AC1-4026-AE2D-8321009E81C3}.Release|Any CPU.Build.0 = Release|Any CPU
		{EC4D0C0C-44A0-4B9B-AC57-D48EC0E703CC}.Debug|Any CPU.ActiveCfg = Debug|Any CPU
		{EC4D0C0C-44A0-4B9B-AC57-D48EC0E703CC}.Debug|Any CPU.Build.0 = Debug|Any CPU
		{EC4D0C0C-44A0-4B9B-AC57-D48EC0E703CC}.Release|Any CPU.ActiveCfg = Release|Any CPU
		{EC4D0C0C-44A0-4B9B-AC57-D48EC0E703CC}.Release|Any CPU.Build.0 = Release|Any CPU
		{71E0D9D4-0B6E-476D-89D5-5D4360E2BF5D}.Debug|Any CPU.ActiveCfg = Debug|Any CPU
		{71E0D9D4-0B6E-476D-89D5-5D4360E2BF5D}.Debug|Any CPU.Build.0 = Debug|Any CPU
		{71E0D9D4-0B6E-476D-89D5-5D4360E2BF5D}.Release|Any CPU.ActiveCfg = Release|Any CPU
		{71E0D9D4-0B6E-476D-89D5-5D4360E2BF5D}.Release|Any CPU.Build.0 = Release|Any CPU
		{563CE315-AF09-4F11-8AC2-8F60B22EA47E}.Debug|Any CPU.ActiveCfg = Debug|Any CPU
		{563CE315-AF09-4F11-8AC2-8F60B22EA47E}.Debug|Any CPU.Build.0 = Debug|Any CPU
		{563CE315-AF09-4F11-8AC2-8F60B22EA47E}.Release|Any CPU.ActiveCfg = Release|Any CPU
		{563CE315-AF09-4F11-8AC2-8F60B22EA47E}.Release|Any CPU.Build.0 = Release|Any CPU
		{5A89DC44-A4A9-443B-9271-FCE7B2E82654}.Debug|Any CPU.ActiveCfg = Debug|Any CPU
		{5A89DC44-A4A9-443B-9271-FCE7B2E82654}.Debug|Any CPU.Build.0 = Debug|Any CPU
		{5A89DC44-A4A9-443B-9271-FCE7B2E82654}.Release|Any CPU.ActiveCfg = Release|Any CPU
		{5A89DC44-A4A9-443B-9271-FCE7B2E82654}.Release|Any CPU.Build.0 = Release|Any CPU
		{7C6BE088-AC35-4D0A-B0C3-4AEF072B50F0}.Debug|Any CPU.ActiveCfg = Debug|Any CPU
		{7C6BE088-AC35-4D0A-B0C3-4AEF072B50F0}.Debug|Any CPU.Build.0 = Debug|Any CPU
		{7C6BE088-AC35-4D0A-B0C3-4AEF072B50F0}.Release|Any CPU.ActiveCfg = Release|Any CPU
		{7C6BE088-AC35-4D0A-B0C3-4AEF072B50F0}.Release|Any CPU.Build.0 = Release|Any CPU
		{E852D86A-8918-49B2-A2A4-7DC1BBBB4409}.Debug|Any CPU.ActiveCfg = Debug|Any CPU
		{E852D86A-8918-49B2-A2A4-7DC1BBBB4409}.Debug|Any CPU.Build.0 = Debug|Any CPU
		{E852D86A-8918-49B2-A2A4-7DC1BBBB4409}.Release|Any CPU.ActiveCfg = Release|Any CPU
		{E852D86A-8918-49B2-A2A4-7DC1BBBB4409}.Release|Any CPU.Build.0 = Release|Any CPU
		{207F00B3-7F6A-4718-A936-2C16BD3FE8C8}.Debug|Any CPU.ActiveCfg = Debug|Any CPU
		{207F00B3-7F6A-4718-A936-2C16BD3FE8C8}.Debug|Any CPU.Build.0 = Debug|Any CPU
		{207F00B3-7F6A-4718-A936-2C16BD3FE8C8}.Release|Any CPU.ActiveCfg = Release|Any CPU
		{207F00B3-7F6A-4718-A936-2C16BD3FE8C8}.Release|Any CPU.Build.0 = Release|Any CPU
	EndGlobalSection
	GlobalSection(SolutionProperties) = preSolution
		HideSolutionNode = FALSE
	EndGlobalSection
	GlobalSection(NestedProjects) = preSolution
		{A13DDDCE-2C98-4369-A2BB-911902F75A65} = {31166AF5-4FC7-48D9-8318-1967CACC6695}
		{31F8F7A4-4A25-40BF-8768-5E1BF1529141} = {31166AF5-4FC7-48D9-8318-1967CACC6695}
		{4CDE6E90-E8BB-470C-8414-355FEB981126} = {A13DDDCE-2C98-4369-A2BB-911902F75A65}
		{709D012C-DCF0-4D0B-8546-931E6E64FF53} = {31F8F7A4-4A25-40BF-8768-5E1BF1529141}
		{B757C873-987C-42FC-87B1-8CBFEACCD408} = {7EE4D72C-F3AF-4EEE-8FF7-686CCB09E439}
		{5F187087-DA3F-4E1D-8936-0FBA99495B22} = {7EE4D72C-F3AF-4EEE-8FF7-686CCB09E439}
		{65EC5F17-D767-4E58-A92F-3F0A8C30BF89} = {CE1CF757-415E-4D0F-BE7E-BF132D530877}
		{D13365C3-4292-4C3A-82A1-92ACFAD4EA32} = {CE1CF757-415E-4D0F-BE7E-BF132D530877}
		{917175FC-6AC1-4026-AE2D-8321009E81C3} = {B757C873-987C-42FC-87B1-8CBFEACCD408}
		{EC4D0C0C-44A0-4B9B-AC57-D48EC0E703CC} = {5F187087-DA3F-4E1D-8936-0FBA99495B22}
		{71E0D9D4-0B6E-476D-89D5-5D4360E2BF5D} = {31F8F7A4-4A25-40BF-8768-5E1BF1529141}
		{563CE315-AF09-4F11-8AC2-8F60B22EA47E} = {A13DDDCE-2C98-4369-A2BB-911902F75A65}
		{4AD803EE-C1DC-485F-9340-4E9B5BCF45F1} = {E5DA494A-07AF-417E-80ED-640AC4AF981B}
		{5A89DC44-A4A9-443B-9271-FCE7B2E82654} = {4AD803EE-C1DC-485F-9340-4E9B5BCF45F1}
		{7C6BE088-AC35-4D0A-B0C3-4AEF072B50F0} = {4AD803EE-C1DC-485F-9340-4E9B5BCF45F1}
		{E852D86A-8918-49B2-A2A4-7DC1BBBB4409} = {65EC5F17-D767-4E58-A92F-3F0A8C30BF89}
		{5B2EB863-4376-423D-B111-82D92E1D3C8E} = {E5DA494A-07AF-417E-80ED-640AC4AF981B}
		{207F00B3-7F6A-4718-A936-2C16BD3FE8C8} = {5B2EB863-4376-423D-B111-82D92E1D3C8E}
	EndGlobalSection
	GlobalSection(ExtensibilityGlobals) = postSolution
		SolutionGuid = {B893B67D-157E-40D1-8AAF-7950B7FF8F24}
	EndGlobalSection
EndGlobal
